// !$*UTF8*$!
{
	archiveVersion = 1;
	classes = {
	};
	objectVersion = 50;
	objects = {

/* Begin PBXBuildFile section */
		7BB2385F23F716B9001CA44A /* AppDelegate.swift in Sources */ = {isa = PBXBuildFile; fileRef = 7BB2385E23F716B9001CA44A /* AppDelegate.swift */; };
		7BB2386123F716B9001CA44A /* SceneDelegate.swift in Sources */ = {isa = PBXBuildFile; fileRef = 7BB2386023F716B9001CA44A /* SceneDelegate.swift */; };
		7BB2386323F716B9001CA44A /* ViewController.swift in Sources */ = {isa = PBXBuildFile; fileRef = 7BB2386223F716B9001CA44A /* ViewController.swift */; };
		7BB2386623F716B9001CA44A /* Main.storyboard in Resources */ = {isa = PBXBuildFile; fileRef = 7BB2386423F716B9001CA44A /* Main.storyboard */; };
		7BB2386823F716BC001CA44A /* Assets.xcassets in Resources */ = {isa = PBXBuildFile; fileRef = 7BB2386723F716BC001CA44A /* Assets.xcassets */; };
		7BB2386B23F716BC001CA44A /* LaunchScreen.storyboard in Resources */ = {isa = PBXBuildFile; fileRef = 7BB2386923F716BC001CA44A /* LaunchScreen.storyboard */; };
		7BB2387323F716F0001CA44A /* Pokemon.swift in Sources */ = {isa = PBXBuildFile; fileRef = 7BB2387223F716F0001CA44A /* Pokemon.swift */; };
		7BB2387523F71925001CA44A /* PokemonConstructor.swift in Sources */ = {isa = PBXBuildFile; fileRef = 7BB2387423F71925001CA44A /* PokemonConstructor.swift */; };
		7BB2387923F72059001CA44A /* BuilderProtocol.swift in Sources */ = {isa = PBXBuildFile; fileRef = 7BB2387823F72059001CA44A /* BuilderProtocol.swift */; };
		7BB2387B23F7217E001CA44A /* Director.swift in Sources */ = {isa = PBXBuildFile; fileRef = 7BB2387A23F7217E001CA44A /* Director.swift */; };
		7BB2387D23F72739001CA44A /* DigimonConstructor.swift in Sources */ = {isa = PBXBuildFile; fileRef = 7BB2387C23F72739001CA44A /* DigimonConstructor.swift */; };
		7BB2387F23F7279C001CA44A /* Digimon.swift in Sources */ = {isa = PBXBuildFile; fileRef = 7BB2387E23F7279C001CA44A /* Digimon.swift */; };
/* End PBXBuildFile section */

/* Begin PBXFileReference section */
		7BB2385B23F716B9001CA44A /* BuilderPattern.app */ = {isa = PBXFileReference; explicitFileType = wrapper.application; includeInIndex = 0; path = BuilderPattern.app; sourceTree = BUILT_PRODUCTS_DIR; };
		7BB2385E23F716B9001CA44A /* AppDelegate.swift */ = {isa = PBXFileReference; lastKnownFileType = sourcecode.swift; path = AppDelegate.swift; sourceTree = "<group>"; };
		7BB2386023F716B9001CA44A /* SceneDelegate.swift */ = {isa = PBXFileReference; lastKnownFileType = sourcecode.swift; path = SceneDelegate.swift; sourceTree = "<group>"; };
		7BB2386223F716B9001CA44A /* ViewController.swift */ = {isa = PBXFileReference; lastKnownFileType = sourcecode.swift; path = ViewController.swift; sourceTree = "<group>"; };
		7BB2386523F716B9001CA44A /* Base */ = {isa = PBXFileReference; lastKnownFileType = file.storyboard; name = Base; path = Base.lproj/Main.storyboard; sourceTree = "<group>"; };
		7BB2386723F716BC001CA44A /* Assets.xcassets */ = {isa = PBXFileReference; lastKnownFileType = folder.assetcatalog; path = Assets.xcassets; sourceTree = "<group>"; };
		7BB2386A23F716BC001CA44A /* Base */ = {isa = PBXFileReference; lastKnownFileType = file.storyboard; name = Base; path = Base.lproj/LaunchScreen.storyboard; sourceTree = "<group>"; };
		7BB2386C23F716BC001CA44A /* Info.plist */ = {isa = PBXFileReference; lastKnownFileType = text.plist.xml; path = Info.plist; sourceTree = "<group>"; };
		7BB2387223F716F0001CA44A /* Pokemon.swift */ = {isa = PBXFileReference; lastKnownFileType = sourcecode.swift; path = Pokemon.swift; sourceTree = "<group>"; };
		7BB2387423F71925001CA44A /* PokemonConstructor.swift */ = {isa = PBXFileReference; lastKnownFileType = sourcecode.swift; path = PokemonConstructor.swift; sourceTree = "<group>"; };
		7BB2387823F72059001CA44A /* BuilderProtocol.swift */ = {isa = PBXFileReference; lastKnownFileType = sourcecode.swift; path = BuilderProtocol.swift; sourceTree = "<group>"; };
		7BB2387A23F7217E001CA44A /* Director.swift */ = {isa = PBXFileReference; lastKnownFileType = sourcecode.swift; path = Director.swift; sourceTree = "<group>"; };
		7BB2387C23F72739001CA44A /* DigimonConstructor.swift */ = {isa = PBXFileReference; lastKnownFileType = sourcecode.swift; path = DigimonConstructor.swift; sourceTree = "<group>"; };
		7BB2387E23F7279C001CA44A /* Digimon.swift */ = {isa = PBXFileReference; lastKnownFileType = sourcecode.swift; path = Digimon.swift; sourceTree = "<group>"; };
/* End PBXFileReference section */

/* Begin PBXFrameworksBuildPhase section */
		7BB2385823F716B9001CA44A /* Frameworks */ = {
			isa = PBXFrameworksBuildPhase;
			buildActionMask = 2147483647;
			files = (
			);
			runOnlyForDeploymentPostprocessing = 0;
		};
/* End PBXFrameworksBuildPhase section */

/* Begin PBXGroup section */
		7BB2385223F716B9001CA44A = {
			isa = PBXGroup;
			children = (
				7BB2385D23F716B9001CA44A /* BuilderPattern */,
				7BB2385C23F716B9001CA44A /* Products */,
			);
			sourceTree = "<group>";
		};
		7BB2385C23F716B9001CA44A /* Products */ = {
			isa = PBXGroup;
			children = (
				7BB2385B23F716B9001CA44A /* BuilderPattern.app */,
			);
			name = Products;
			sourceTree = "<group>";
		};
		7BB2385D23F716B9001CA44A /* BuilderPattern */ = {
			isa = PBXGroup;
			children = (
				7BB2385E23F716B9001CA44A /* AppDelegate.swift */,
				7BB2386023F716B9001CA44A /* SceneDelegate.swift */,
				7BB2386223F716B9001CA44A /* ViewController.swift */,
				7BB2386423F716B9001CA44A /* Main.storyboard */,
				7BB2386723F716BC001CA44A /* Assets.xcassets */,
				7BB2386923F716BC001CA44A /* LaunchScreen.storyboard */,
				7BB2386C23F716BC001CA44A /* Info.plist */,
				7BB2387223F716F0001CA44A /* Pokemon.swift */,
				7BB2387E23F7279C001CA44A /* Digimon.swift */,
				7BB2387423F71925001CA44A /* PokemonConstructor.swift */,
				7BB2387C23F72739001CA44A /* DigimonConstructor.swift */,
				7BB2387823F72059001CA44A /* BuilderProtocol.swift */,
				7BB2387A23F7217E001CA44A /* Director.swift */,
			);
			path = BuilderPattern;
			sourceTree = "<group>";
		};
/* End PBXGroup section */

/* Begin PBXNativeTarget section */
		7BB2385A23F716B9001CA44A /* BuilderPattern */ = {
			isa = PBXNativeTarget;
			buildConfigurationList = 7BB2386F23F716BC001CA44A /* Build configuration list for PBXNativeTarget "BuilderPattern" */;
			buildPhases = (
				7BB2385723F716B9001CA44A /* Sources */,
				7BB2385823F716B9001CA44A /* Frameworks */,
				7BB2385923F716B9001CA44A /* Resources */,
			);
			buildRules = (
			);
			dependencies = (
			);
			name = BuilderPattern;
			productName = BuilderPattern;
			productReference = 7BB2385B23F716B9001CA44A /* BuilderPattern.app */;
			productType = "com.apple.product-type.application";
		};
/* End PBXNativeTarget section */

/* Begin PBXProject section */
		7BB2385323F716B9001CA44A /* Project object */ = {
			isa = PBXProject;
			attributes = {
				LastSwiftUpdateCheck = 1130;
				LastUpgradeCheck = 1130;
				ORGANIZATIONNAME = Ferraz;
				TargetAttributes = {
					7BB2385A23F716B9001CA44A = {
						CreatedOnToolsVersion = 11.3.1;
					};
				};
			};
			buildConfigurationList = 7BB2385623F716B9001CA44A /* Build configuration list for PBXProject "BuilderPattern" */;
			compatibilityVersion = "Xcode 9.3";
			developmentRegion = en;
			hasScannedForEncodings = 0;
			knownRegions = (
				en,
				Base,
			);
			mainGroup = 7BB2385223F716B9001CA44A;
			productRefGroup = 7BB2385C23F716B9001CA44A /* Products */;
			projectDirPath = "";
			projectRoot = "";
			targets = (
				7BB2385A23F716B9001CA44A /* BuilderPattern */,
			);
		};
/* End PBXProject section */

/* Begin PBXResourcesBuildPhase section */
		7BB2385923F716B9001CA44A /* Resources */ = {
			isa = PBXResourcesBuildPhase;
			buildActionMask = 2147483647;
			files = (
				7BB2386B23F716BC001CA44A /* LaunchScreen.storyboard in Resources */,
				7BB2386823F716BC001CA44A /* Assets.xcassets in Resources */,
				7BB2386623F716B9001CA44A /* Main.storyboard in Resources */,
			);
			runOnlyForDeploymentPostprocessing = 0;
		};
/* End PBXResourcesBuildPhase section */

/* Begin PBXSourcesBuildPhase section */
		7BB2385723F716B9001CA44A /* Sources */ = {
			isa = PBXSourcesBuildPhase;
			buildActionMask = 2147483647;
			files = (
				7BB2387D23F72739001CA44A /* DigimonConstructor.swift in Sources */,
				7BB2386323F716B9001CA44A /* ViewController.swift in Sources */,
				7BB2387F23F7279C001CA44A /* Digimon.swift in Sources */,
				7BB2387523F71925001CA44A /* PokemonConstructor.swift in Sources */,
				7BB2387B23F7217E001CA44A /* Director.swift in Sources */,
				7BB2387323F716F0001CA44A /* Pokemon.swift in Sources */,
				7BB2387923F72059001CA44A /* BuilderProtocol.swift in Sources */,
				7BB2385F23F716B9001CA44A /* AppDelegate.swift in Sources */,
				7BB2386123F716B9001CA44A /* SceneDelegate.swift in Sources */,
			);
			runOnlyForDeploymentPostprocessing = 0;
		};
/* End PBXSourcesBuildPhase section */

/* Begin PBXVariantGroup section */
		7BB2386423F716B9001CA44A /* Main.storyboard */ = {
			isa = PBXVariantGroup;
			children = (
				7BB2386523F716B9001CA44A /* Base */,
			);
			name = Main.storyboard;
			sourceTree = "<group>";
		};
		7BB2386923F716BC001CA44A /* LaunchScreen.storyboard */ = {
			isa = PBXVariantGroup;
			children = (
				7BB2386A23F716BC001CA44A /* Base */,
			);
			name = LaunchScreen.storyboard;
			sourceTree = "<group>";
		};
/* End PBXVariantGroup section */

/* Begin XCBuildConfiguration section */
		7BB2386D23F716BC001CA44A /* Debug */ = {
			isa = XCBuildConfiguration;
			buildSettings = {
				ALWAYS_SEARCH_USER_PATHS = NO;
				CLANG_ANALYZER_NONNULL = YES;
				CLANG_ANALYZER_NUMBER_OBJECT_CONVERSION = YES_AGGRESSIVE;
				CLANG_CXX_LANGUAGE_STANDARD = "gnu++14";
				CLANG_CXX_LIBRARY = "libc++";
				CLANG_ENABLE_MODULES = YES;
				CLANG_ENABLE_OBJC_ARC = YES;
				CLANG_ENABLE_OBJC_WEAK = YES;
				CLANG_WARN_BLOCK_CAPTURE_AUTORELEASING = YES;
				CLANG_WARN_BOOL_CONVERSION = YES;
				CLANG_WARN_COMMA = YES;
				CLANG_WARN_CONSTANT_CONVERSION = YES;
				CLANG_WARN_DEPRECATED_OBJC_IMPLEMENTATIONS = YES;
				CLANG_WARN_DIRECT_OBJC_ISA_USAGE = YES_ERROR;
				CLANG_WARN_DOCUMENTATION_COMMENTS = YES;
				CLANG_WARN_EMPTY_BODY = YES;
				CLANG_WARN_ENUM_CONVERSION = YES;
				CLANG_WARN_INFINITE_RECURSION = YES;
				CLANG_WARN_INT_CONVERSION = YES;
				CLANG_WARN_NON_LITERAL_NULL_CONVERSION = YES;
				CLANG_WARN_OBJC_IMPLICIT_RETAIN_SELF = YES;
				CLANG_WARN_OBJC_LITERAL_CONVERSION = YES;
				CLANG_WARN_OBJC_ROOT_CLASS = YES_ERROR;
				CLANG_WARN_RANGE_LOOP_ANALYSIS = YES;
				CLANG_WARN_STRICT_PROTOTYPES = YES;
				CLANG_WARN_SUSPICIOUS_MOVE = YES;
				CLANG_WARN_UNGUARDED_AVAILABILITY = YES_AGGRESSIVE;
				CLANG_WARN_UNREACHABLE_CODE = YES;
				CLANG_WARN__DUPLICATE_METHOD_MATCH = YES;
				COPY_PHASE_STRIP = NO;
				DEBUG_INFORMATION_FORMAT = dwarf;
				ENABLE_STRICT_OBJC_MSGSEND = YES;
				ENABLE_TESTABILITY = YES;
				GCC_C_LANGUAGE_STANDARD = gnu11;
				GCC_DYNAMIC_NO_PIC = NO;
				GCC_NO_COMMON_BLOCKS = YES;
				GCC_OPTIMIZATION_LEVEL = 0;
				GCC_PREPROCESSOR_DEFINITIONS = (
					"DEBUG=1",
					"$(inherited)",
				);
				GCC_WARN_64_TO_32_BIT_CONVERSION = YES;
				GCC_WARN_ABOUT_RETURN_TYPE = YES_ERROR;
				GCC_WARN_UNDECLARED_SELECTOR = YES;
				GCC_WARN_UNINITIALIZED_AUTOS = YES_AGGRESSIVE;
				GCC_WARN_UNUSED_FUNCTION = YES;
				GCC_WARN_UNUSED_VARIABLE = YES;
				IPHONEOS_DEPLOYMENT_TARGET = 13.2;
				MTL_ENABLE_DEBUG_INFO = INCLUDE_SOURCE;
				MTL_FAST_MATH = YES;
				ONLY_ACTIVE_ARCH = YES;
				SDKROOT = iphoneos;
				SWIFT_ACTIVE_COMPILATION_CONDITIONS = DEBUG;
				SWIFT_OPTIMIZATION_LEVEL = "-Onone";
			};
			name = Debug;
		};
		7BB2386E23F716BC001CA44A /* Release */ = {
			isa = XCBuildConfiguration;
			buildSettings = {
				ALWAYS_SEARCH_USER_PATHS = NO;
				CLANG_ANALYZER_NONNULL = YES;
				CLANG_ANALYZER_NUMBER_OBJECT_CONVERSION = YES_AGGRESSIVE;
				CLANG_CXX_LANGUAGE_STANDARD = "gnu++14";
				CLANG_CXX_LIBRARY = "libc++";
				CLANG_ENABLE_MODULES = YES;
				CLANG_ENABLE_OBJC_ARC = YES;
				CLANG_ENABLE_OBJC_WEAK = YES;
				CLANG_WARN_BLOCK_CAPTURE_AUTORELEASING = YES;
				CLANG_WARN_BOOL_CONVERSION = YES;
				CLANG_WARN_COMMA = YES;
				CLANG_WARN_CONSTANT_CONVERSION = YES;
				CLANG_WARN_DEPRECATED_OBJC_IMPLEMENTATIONS = YES;
				CLANG_WARN_DIRECT_OBJC_ISA_USAGE = YES_ERROR;
				CLANG_WARN_DOCUMENTATION_COMMENTS = YES;
				CLANG_WARN_EMPTY_BODY = YES;
				CLANG_WARN_ENUM_CONVERSION = YES;
				CLANG_WARN_INFINITE_RECURSION = YES;
				CLANG_WARN_INT_CONVERSION = YES;
				CLANG_WARN_NON_LITERAL_NULL_CONVERSION = YES;
				CLANG_WARN_OBJC_IMPLICIT_RETAIN_SELF = YES;
				CLANG_WARN_OBJC_LITERAL_CONVERSION = YES;
				CLANG_WARN_OBJC_ROOT_CLASS = YES_ERROR;
				CLANG_WARN_RANGE_LOOP_ANALYSIS = YES;
				CLANG_WARN_STRICT_PROTOTYPES = YES;
				CLANG_WARN_SUSPICIOUS_MOVE = YES;
				CLANG_WARN_UNGUARDED_AVAILABILITY = YES_AGGRESSIVE;
				CLANG_WARN_UNREACHABLE_CODE = YES;
				CLANG_WARN__DUPLICATE_METHOD_MATCH = YES;
				COPY_PHASE_STRIP = NO;
				DEBUG_INFORMATION_FORMAT = "dwarf-with-dsym";
				ENABLE_NS_ASSERTIONS = NO;
				ENABLE_STRICT_OBJC_MSGSEND = YES;
				GCC_C_LANGUAGE_STANDARD = gnu11;
				GCC_NO_COMMON_BLOCKS = YES;
				GCC_WARN_64_TO_32_BIT_CONVERSION = YES;
				GCC_WARN_ABOUT_RETURN_TYPE = YES_ERROR;
				GCC_WARN_UNDECLARED_SELECTOR = YES;
				GCC_WARN_UNINITIALIZED_AUTOS = YES_AGGRESSIVE;
				GCC_WARN_UNUSED_FUNCTION = YES;
				GCC_WARN_UNUSED_VARIABLE = YES;
				IPHONEOS_DEPLOYMENT_TARGET = 13.2;
				MTL_ENABLE_DEBUG_INFO = NO;
				MTL_FAST_MATH = YES;
				SDKROOT = iphoneos;
				SWIFT_COMPILATION_MODE = wholemodule;
				SWIFT_OPTIMIZATION_LEVEL = "-O";
				VALIDATE_PRODUCT = YES;
			};
			name = Release;
		};
		7BB2387023F716BC001CA44A /* Debug */ = {
			isa = XCBuildConfiguration;
			buildSettings = {
				ASSETCATALOG_COMPILER_APPICON_NAME = AppIcon;
				CODE_SIGN_STYLE = Automatic;
				DEVELOPMENT_TEAM = Q6B7N567Z6;
				INFOPLIST_FILE = BuilderPattern/Info.plist;
				LD_RUNPATH_SEARCH_PATHS = (
					"$(inherited)",
					"@executable_path/Frameworks",
				);
				PRODUCT_BUNDLE_IDENTIFIER = team.BuilderPattern;
				PRODUCT_NAME = "$(TARGET_NAME)";
				SWIFT_VERSION = 5.0;
				TARGETED_DEVICE_FAMILY = "1,2";
			};
			name = Debug;
		};
		7BB2387123F716BC001CA44A /* Release */ = {
			isa = XCBuildConfiguration;
			buildSettings = {
				ASSETCATALOG_COMPILER_APPICON_NAME = AppIcon;
				CODE_SIGN_STYLE = Automatic;
				DEVELOPMENT_TEAM = Q6B7N567Z6;
				INFOPLIST_FILE = BuilderPattern/Info.plist;
				LD_RUNPATH_SEARCH_PATHS = (
					"$(inherited)",
					"@executable_path/Frameworks",
				);
				PRODUCT_BUNDLE_IDENTIFIER = team.BuilderPattern;
				PRODUCT_NAME = "$(TARGET_NAME)";
				SWIFT_VERSION = 5.0;
				TARGETED_DEVICE_FAMILY = "1,2";
			};
			name = Release;
		};
/* End XCBuildConfiguration section */

/* Begin XCConfigurationList section */
		7BB2385623F716B9001CA44A /* Build configuration list for PBXProject "BuilderPattern" */ = {
			isa = XCConfigurationList;
			buildConfigurations = (
				7BB2386D23F716BC001CA44A /* Debug */,
				7BB2386E23F716BC001CA44A /* Release */,
			);
			defaultConfigurationIsVisible = 0;
			defaultConfigurationName = Release;
		};
		7BB2386F23F716BC001CA44A /* Build configuration list for PBXNativeTarget "BuilderPattern" */ = {
			isa = XCConfigurationList;
			buildConfigurations = (
				7BB2387023F716BC001CA44A /* Debug */,
				7BB2387123F716BC001CA44A /* Release */,
			);
			defaultConfigurationIsVisible = 0;
			defaultConfigurationName = Release;
		};
/* End XCConfigurationList section */
	};
	rootObject = 7BB2385323F716B9001CA44A /* Project object */;
}
